{
  "nodes": {
    "darwin": {
      "inputs": {
        "nixpkgs": [
          "nixpkgs"
        ]
      },
      "locked": {
        "lastModified": 1713492497,
        "narHash": "sha256-FifiHvYmHL7BEOaQorHjHRaW3SJj2qYCdxUmCETAQl4=",
        "owner": "lnl7",
        "repo": "nix-darwin",
        "rev": "eb25dc61a62efcdf47efce6cb17cd5cb3c8f2719",
        "type": "github"
      },
      "original": {
        "owner": "lnl7",
        "repo": "nix-darwin",
        "type": "github"
      }
    },
    "home-manager": {
      "inputs": {
        "nixpkgs": [
          "nixpkgs"
        ]
      },
      "locked": {
        "lastModified": 1713524465,
        "narHash": "sha256-T1ZUTzBv5QHjus49MpKk/KJ8LEyJI1g+2NhwUhRT6bY=",
        "owner": "nix-community",
        "repo": "home-manager",
        "rev": "b1a5b3d6a524c80c7dd20888bff227d52adf5f03",
        "type": "github"
      },
      "original": {
        "owner": "nix-community",
        "repo": "home-manager",
        "type": "github"
      }
    },
    "nixpkgs": {
      "locked": {
        "lastModified": 1713297878,
        "narHash": "sha256-hOkzkhLT59wR8VaMbh1ESjtZLbGi+XNaBN6h49SPqEc=",
        "owner": "nixos",
        "repo": "nixpkgs",
        "rev": "66adc1e47f8784803f2deb6cacd5e07264ec2d5c",
        "type": "github"
      },
      "original": {
        "owner": "nixos",
        "ref": "nixos-unstable",
        "repo": "nixpkgs",
        "type": "github"
      }
    },
    "root": {
      "inputs": {
        "darwin": "darwin",
        "home-manager": "home-manager",
        "nixpkgs": "nixpkgs"
      }
    }
  },
  "root": "root",
  "version": 7
}
